
Microsoft Visual Studio Solution File, Format Version 12.00
# Visual Studio Version 17
VisualStudioVersion = 17.2.32526.322
MinimumVisualStudioVersion = 10.0.40219.1
Project("{2150E333-8FDC-42A3-9474-1A3956D46DE8}") = "Libraries", "Libraries", "{6EB8A9C6-D96D-4087-B7DE-775CBB23742D}"
EndProject
Project("{9A19103F-16F7-4668-BE54-9A1E7A4F7556}") = "DataLayer", "Libraries\DataLayer\DataLayer.csproj", "{334C17FA-B7E2-4671-9340-27A03FDDFA21}"
EndProject
Project("{9A19103F-16F7-4668-BE54-9A1E7A4F7556}") = "Encryption", "Libraries\Encryption\Encryption.csproj", "{33A7F824-3F46-40F2-B66C-0158DCF6B730}"
EndProject
Project("{9A19103F-16F7-4668-BE54-9A1E7A4F7556}") = "Models", "Libraries\Models\Models.csproj", "{1B48ED2E-1918-407F-9E96-573271BD6358}"
EndProject
Project("{9A19103F-16F7-4668-BE54-9A1E7A4F7556}") = "Validation", "Libraries\Validation\Validation.csproj", "{F1704745-989C-439E-9F25-9508CA6D8571}"
EndProject
Project("{2150E333-8FDC-42A3-9474-1A3956D46DE8}") = "Tests", "Tests", "{849C260D-4084-418B-9CE4-A121CC1D95AC}"
EndProject
Project("{9A19103F-16F7-4668-BE54-9A1E7A4F7556}") = "DataLayer.Tests", "Tests\DataLayer.Tests\DataLayer.Tests.csproj", "{B62C3EC6-71C4-47D0-9CD5-3C298B20E89C}"
EndProject
Project("{9A19103F-16F7-4668-BE54-9A1E7A4F7556}") = "Encryption.Tests", "Tests\Encryption.Tests\Encryption.Tests.csproj", "{4FFA070A-BF89-42E4-AE4E-EF4D55A5F383}"
EndProject
Project("{9A19103F-16F7-4668-BE54-9A1E7A4F7556}") = "Models.Tests", "Tests\Models.Tests\Models.Tests.csproj", "{DF792405-01F4-4824-B1F1-F62A3A0DBA1F}"
EndProject
Project("{9A19103F-16F7-4668-BE54-9A1E7A4F7556}") = "Validation.Tests", "Tests\Validation.Tests\Validation.Tests.csproj", "{4727447D-E418-4B1F-A89A-67CA254A6DC1}"
EndProject
Project("{2150E333-8FDC-42A3-9474-1A3956D46DE8}") = "Services", "Services", "{04CE2CE7-F073-4992-96E9-8EACBE543AA6}"
EndProject
Project("{9A19103F-16F7-4668-BE54-9A1E7A4F7556}") = "API", "API\API.csproj", "{A170843C-7A4D-4A32-A637-264226278F65}"
EndProject
Project("{9A19103F-16F7-4668-BE54-9A1E7A4F7556}") = "Common.Tests", "Tests\Common.Tests\Common.Tests.csproj", "{D6EBB369-533D-4500-A330-DF83446FFE26}"
EndProject
Project("{9A19103F-16F7-4668-BE54-9A1E7A4F7556}") = "Controllers.Tests", "Tests\Controllers.Tests\Controllers.Tests.csproj", "{A44E54BA-8D10-44C8-B6B1-10E0CF4D50F2}"
EndProject
Project("{9A19103F-16F7-4668-BE54-9A1E7A4F7556}") = "Tests.Helpers", "Tests\Test.Helpers\Tests.Helpers.csproj", "{228AD755-AB27-4E53-8731-B2E1C592769D}"
EndProject
Project("{9A19103F-16F7-4668-BE54-9A1E7A4F7556}") = "Email-Service", "Services\Email-Service\Email-Service.csproj", "{BEF0FC3E-D087-47B3-B5AD-F51F00C73E7F}"
EndProject
Project("{9A19103F-16F7-4668-BE54-9A1E7A4F7556}") = "Text-Service", "Services\Text-Service\Text-Service.csproj", "{9F2FA179-8BFE-4B8D-8A5C-9A469AE572E3}"
EndProject
Project("{9A19103F-16F7-4668-BE54-9A1E7A4F7556}") = "Common", "Libraries\Common\Common.csproj", "{CA248792-803F-4AD7-9237-F903A717EB6E}"
EndProject
Project("{9A19103F-16F7-4668-BE54-9A1E7A4F7556}") = "Payments", "Libraries\Payments\Payments.csproj", "{46AECA66-72A5-4EC9-8AB7-6C06E74A3CD6}"
EndProject
Project("{9A19103F-16F7-4668-BE54-9A1E7A4F7556}") = "cas-helpers", "..\cas-dotnet-helpers\CASHelpers\cas-helpers.csproj", "{A2D09492-5F0F-4328-860F-FF974BF9CADE}"
EndProject
Global
	GlobalSection(SolutionConfigurationPlatforms) = preSolution
		Debug|Any CPU = Debug|Any CPU
		Release|Any CPU = Release|Any CPU
	EndGlobalSection
	GlobalSection(ProjectConfigurationPlatforms) = postSolution
		{334C17FA-B7E2-4671-9340-27A03FDDFA21}.Debug|Any CPU.ActiveCfg = Debug|Any CPU
		{334C17FA-B7E2-4671-9340-27A03FDDFA21}.Debug|Any CPU.Build.0 = Debug|Any CPU
		{334C17FA-B7E2-4671-9340-27A03FDDFA21}.Release|Any CPU.ActiveCfg = Release|Any CPU
		{334C17FA-B7E2-4671-9340-27A03FDDFA21}.Release|Any CPU.Build.0 = Release|Any CPU
		{33A7F824-3F46-40F2-B66C-0158DCF6B730}.Debug|Any CPU.ActiveCfg = Debug|Any CPU
		{33A7F824-3F46-40F2-B66C-0158DCF6B730}.Debug|Any CPU.Build.0 = Debug|Any CPU
		{33A7F824-3F46-40F2-B66C-0158DCF6B730}.Release|Any CPU.ActiveCfg = Release|Any CPU
		{33A7F824-3F46-40F2-B66C-0158DCF6B730}.Release|Any CPU.Build.0 = Release|Any CPU
		{1B48ED2E-1918-407F-9E96-573271BD6358}.Debug|Any CPU.ActiveCfg = Debug|Any CPU
		{1B48ED2E-1918-407F-9E96-573271BD6358}.Debug|Any CPU.Build.0 = Debug|Any CPU
		{1B48ED2E-1918-407F-9E96-573271BD6358}.Release|Any CPU.ActiveCfg = Release|Any CPU
		{1B48ED2E-1918-407F-9E96-573271BD6358}.Release|Any CPU.Build.0 = Release|Any CPU
		{F1704745-989C-439E-9F25-9508CA6D8571}.Debug|Any CPU.ActiveCfg = Debug|Any CPU
		{F1704745-989C-439E-9F25-9508CA6D8571}.Debug|Any CPU.Build.0 = Debug|Any CPU
		{F1704745-989C-439E-9F25-9508CA6D8571}.Release|Any CPU.ActiveCfg = Release|Any CPU
		{F1704745-989C-439E-9F25-9508CA6D8571}.Release|Any CPU.Build.0 = Release|Any CPU
		{B62C3EC6-71C4-47D0-9CD5-3C298B20E89C}.Debug|Any CPU.ActiveCfg = Debug|Any CPU
		{B62C3EC6-71C4-47D0-9CD5-3C298B20E89C}.Debug|Any CPU.Build.0 = Debug|Any CPU
		{B62C3EC6-71C4-47D0-9CD5-3C298B20E89C}.Release|Any CPU.ActiveCfg = Release|Any CPU
		{B62C3EC6-71C4-47D0-9CD5-3C298B20E89C}.Release|Any CPU.Build.0 = Release|Any CPU
		{4FFA070A-BF89-42E4-AE4E-EF4D55A5F383}.Debug|Any CPU.ActiveCfg = Debug|Any CPU
		{4FFA070A-BF89-42E4-AE4E-EF4D55A5F383}.Debug|Any CPU.Build.0 = Debug|Any CPU
		{4FFA070A-BF89-42E4-AE4E-EF4D55A5F383}.Release|Any CPU.ActiveCfg = Release|Any CPU
		{4FFA070A-BF89-42E4-AE4E-EF4D55A5F383}.Release|Any CPU.Build.0 = Release|Any CPU
		{DF792405-01F4-4824-B1F1-F62A3A0DBA1F}.Debug|Any CPU.ActiveCfg = Debug|Any CPU
		{DF792405-01F4-4824-B1F1-F62A3A0DBA1F}.Debug|Any CPU.Build.0 = Debug|Any CPU
		{DF792405-01F4-4824-B1F1-F62A3A0DBA1F}.Release|Any CPU.ActiveCfg = Release|Any CPU
		{DF792405-01F4-4824-B1F1-F62A3A0DBA1F}.Release|Any CPU.Build.0 = Release|Any CPU
		{4727447D-E418-4B1F-A89A-67CA254A6DC1}.Debug|Any CPU.ActiveCfg = Debug|Any CPU
		{4727447D-E418-4B1F-A89A-67CA254A6DC1}.Debug|Any CPU.Build.0 = Debug|Any CPU
		{4727447D-E418-4B1F-A89A-67CA254A6DC1}.Release|Any CPU.ActiveCfg = Release|Any CPU
		{4727447D-E418-4B1F-A89A-67CA254A6DC1}.Release|Any CPU.Build.0 = Release|Any CPU
		{A170843C-7A4D-4A32-A637-264226278F65}.Debug|Any CPU.ActiveCfg = Debug|Any CPU
		{A170843C-7A4D-4A32-A637-264226278F65}.Debug|Any CPU.Build.0 = Debug|Any CPU
		{A170843C-7A4D-4A32-A637-264226278F65}.Release|Any CPU.ActiveCfg = Release|Any CPU
		{A170843C-7A4D-4A32-A637-264226278F65}.Release|Any CPU.Build.0 = Release|Any CPU
		{D6EBB369-533D-4500-A330-DF83446FFE26}.Debug|Any CPU.ActiveCfg = Debug|Any CPU
		{D6EBB369-533D-4500-A330-DF83446FFE26}.Debug|Any CPU.Build.0 = Debug|Any CPU
		{D6EBB369-533D-4500-A330-DF83446FFE26}.Release|Any CPU.ActiveCfg = Release|Any CPU
		{D6EBB369-533D-4500-A330-DF83446FFE26}.Release|Any CPU.Build.0 = Release|Any CPU
		{A44E54BA-8D10-44C8-B6B1-10E0CF4D50F2}.Debug|Any CPU.ActiveCfg = Debug|Any CPU
		{A44E54BA-8D10-44C8-B6B1-10E0CF4D50F2}.Debug|Any CPU.Build.0 = Debug|Any CPU
		{A44E54BA-8D10-44C8-B6B1-10E0CF4D50F2}.Release|Any CPU.ActiveCfg = Release|Any CPU
		{A44E54BA-8D10-44C8-B6B1-10E0CF4D50F2}.Release|Any CPU.Build.0 = Release|Any CPU
		{228AD755-AB27-4E53-8731-B2E1C592769D}.Debug|Any CPU.ActiveCfg = Debug|Any CPU
		{228AD755-AB27-4E53-8731-B2E1C592769D}.Debug|Any CPU.Build.0 = Debug|Any CPU
		{228AD755-AB27-4E53-8731-B2E1C592769D}.Release|Any CPU.ActiveCfg = Release|Any CPU
		{228AD755-AB27-4E53-8731-B2E1C592769D}.Release|Any CPU.Build.0 = Release|Any CPU
		{BEF0FC3E-D087-47B3-B5AD-F51F00C73E7F}.Debug|Any CPU.ActiveCfg = Debug|Any CPU
		{BEF0FC3E-D087-47B3-B5AD-F51F00C73E7F}.Debug|Any CPU.Build.0 = Debug|Any CPU
		{BEF0FC3E-D087-47B3-B5AD-F51F00C73E7F}.Release|Any CPU.ActiveCfg = Release|Any CPU
		{BEF0FC3E-D087-47B3-B5AD-F51F00C73E7F}.Release|Any CPU.Build.0 = Release|Any CPU
		{9F2FA179-8BFE-4B8D-8A5C-9A469AE572E3}.Debug|Any CPU.ActiveCfg = Debug|Any CPU
		{9F2FA179-8BFE-4B8D-8A5C-9A469AE572E3}.Debug|Any CPU.Build.0 = Debug|Any CPU
		{9F2FA179-8BFE-4B8D-8A5C-9A469AE572E3}.Release|Any CPU.ActiveCfg = Release|Any CPU
		{9F2FA179-8BFE-4B8D-8A5C-9A469AE572E3}.Release|Any CPU.Build.0 = Release|Any CPU
		{CA248792-803F-4AD7-9237-F903A717EB6E}.Debug|Any CPU.ActiveCfg = Debug|Any CPU
		{CA248792-803F-4AD7-9237-F903A717EB6E}.Debug|Any CPU.Build.0 = Debug|Any CPU
		{CA248792-803F-4AD7-9237-F903A717EB6E}.Release|Any CPU.ActiveCfg = Release|Any CPU
		{CA248792-803F-4AD7-9237-F903A717EB6E}.Release|Any CPU.Build.0 = Release|Any CPU
		{46AECA66-72A5-4EC9-8AB7-6C06E74A3CD6}.Debug|Any CPU.ActiveCfg = Debug|Any CPU
		{46AECA66-72A5-4EC9-8AB7-6C06E74A3CD6}.Debug|Any CPU.Build.0 = Debug|Any CPU
		{46AECA66-72A5-4EC9-8AB7-6C06E74A3CD6}.Release|Any CPU.ActiveCfg = Release|Any CPU
		{46AECA66-72A5-4EC9-8AB7-6C06E74A3CD6}.Release|Any CPU.Build.0 = Release|Any CPU
		{A2D09492-5F0F-4328-860F-FF974BF9CADE}.Debug|Any CPU.ActiveCfg = Debug|Any CPU
		{A2D09492-5F0F-4328-860F-FF974BF9CADE}.Debug|Any CPU.Build.0 = Debug|Any CPU
		{A2D09492-5F0F-4328-860F-FF974BF9CADE}.Release|Any CPU.ActiveCfg = Release|Any CPU
		{A2D09492-5F0F-4328-860F-FF974BF9CADE}.Release|Any CPU.Build.0 = Release|Any CPU
	EndGlobalSection
	GlobalSection(SolutionProperties) = preSolution
		HideSolutionNode = FALSE
	EndGlobalSection
	GlobalSection(NestedProjects) = preSolution
		{334C17FA-B7E2-4671-9340-27A03FDDFA21} = {6EB8A9C6-D96D-4087-B7DE-775CBB23742D}
		{33A7F824-3F46-40F2-B66C-0158DCF6B730} = {6EB8A9C6-D96D-4087-B7DE-775CBB23742D}
		{1B48ED2E-1918-407F-9E96-573271BD6358} = {6EB8A9C6-D96D-4087-B7DE-775CBB23742D}
		{F1704745-989C-439E-9F25-9508CA6D8571} = {6EB8A9C6-D96D-4087-B7DE-775CBB23742D}
		{B62C3EC6-71C4-47D0-9CD5-3C298B20E89C} = {849C260D-4084-418B-9CE4-A121CC1D95AC}
		{4FFA070A-BF89-42E4-AE4E-EF4D55A5F383} = {849C260D-4084-418B-9CE4-A121CC1D95AC}
		{DF792405-01F4-4824-B1F1-F62A3A0DBA1F} = {849C260D-4084-418B-9CE4-A121CC1D95AC}
		{4727447D-E418-4B1F-A89A-67CA254A6DC1} = {849C260D-4084-418B-9CE4-A121CC1D95AC}
		{D6EBB369-533D-4500-A330-DF83446FFE26} = {849C260D-4084-418B-9CE4-A121CC1D95AC}
		{A44E54BA-8D10-44C8-B6B1-10E0CF4D50F2} = {849C260D-4084-418B-9CE4-A121CC1D95AC}
		{228AD755-AB27-4E53-8731-B2E1C592769D} = {849C260D-4084-418B-9CE4-A121CC1D95AC}
		{BEF0FC3E-D087-47B3-B5AD-F51F00C73E7F} = {04CE2CE7-F073-4992-96E9-8EACBE543AA6}
		{9F2FA179-8BFE-4B8D-8A5C-9A469AE572E3} = {04CE2CE7-F073-4992-96E9-8EACBE543AA6}
		{CA248792-803F-4AD7-9237-F903A717EB6E} = {6EB8A9C6-D96D-4087-B7DE-775CBB23742D}
		{46AECA66-72A5-4EC9-8AB7-6C06E74A3CD6} = {6EB8A9C6-D96D-4087-B7DE-775CBB23742D}
		{A2D09492-5F0F-4328-860F-FF974BF9CADE} = {6EB8A9C6-D96D-4087-B7DE-775CBB23742D}
	EndGlobalSection
	GlobalSection(ExtensibilityGlobals) = postSolution
		SolutionGuid = {CCC25F9F-06E3-434D-A130-C77381DAA1F0}
	EndGlobalSection
EndGlobal
